
Microsoft Visual Studio Solution File, Format Version 12.00
# Visual Studio Version 16
VisualStudioVersion = 16.0.28803.202
MinimumVisualStudioVersion = 10.0.40219.1
Project("{FAE04EC0-301F-11D3-BF4B-00C04F79EFBC}") = "MVCCustomerActionFilterDemo", "MVCCustomerActionFilterDemo\MVCCustomerActionFilterDemo.csproj", "{C244657D-F909-4D21-84E0-4666EFEB38D7}"
EndProject
Global
	GlobalSection(SolutionConfigurationPlatforms) = preSolution
		Debug|Any CPU = Debug|Any CPU
		Release|Any CPU = Release|Any CPU
	EndGlobalSection
	GlobalSection(ProjectConfigurationPlatforms) = postSolution
		{C244657D-F909-4D21-84E0-4666EFEB38D7}.Debug|Any CPU.ActiveCfg = Debug|Any CPU
		{C244657D-F909-4D21-84E0-4666EFEB38D7}.Debug|Any CPU.Build.0 = Debug|Any CPU
		{C244657D-F909-4D21-84E0-4666EFEB38D7}.Release|Any CPU.ActiveCfg = Release|Any CPU
		{C244657D-F909-4D21-84E0-4666EFEB38D7}.Release|Any CPU.Build.0 = Release|Any CPU
	EndGlobalSection
	GlobalSection(SolutionProperties) = preSolution
		HideSolutionNode = FALSE
	EndGlobalSection
	GlobalSection(ExtensibilityGlobals) = postSolution
		SolutionGuid = {61874DCB-152E-4A40-9525-18776ECC93AC}
	EndGlobalSection
EndGlobal
